
Microsoft Visual Studio Solution File, Format Version 12.00
# Visual Studio Version 16
VisualStudioVersion = 16.0.30517.126
MinimumVisualStudioVersion = 10.0.40219.1
Project("{FAE04EC0-301F-11D3-BF4B-00C04F79EFBC}") = "Solved_Example", "Solved_Example\Solved_Example.csproj", "{7B4C7386-027C-4BE8-A313-E4AF51449E18}"
EndProject
Global
	GlobalSection(SolutionConfigurationPlatforms) = preSolution
		Debug|Any CPU = Debug|Any CPU
		Release|Any CPU = Release|Any CPU
	EndGlobalSection
	GlobalSection(ProjectConfigurationPlatforms) = postSolution
		{7B4C7386-027C-4BE8-A313-E4AF51449E18}.Debug|Any CPU.ActiveCfg = Debug|Any CPU
		{7B4C7386-027C-4BE8-A313-E4AF51449E18}.Debug|Any CPU.Build.0 = Debug|Any CPU
		{7B4C7386-027C-4BE8-A313-E4AF51449E18}.Release|Any CPU.ActiveCfg = Release|Any CPU
		{7B4C7386-027C-4BE8-A313-E4AF51449E18}.Release|Any CPU.Build.0 = Release|Any CPU
	EndGlobalSection
	GlobalSection(SolutionProperties) = preSolution
		HideSolutionNode = FALSE
	EndGlobalSection
	GlobalSection(ExtensibilityGlobals) = postSolution
		SolutionGuid = {52F64551-CCE1-4540-8446-145D4B19BACA}
	EndGlobalSection
EndGlobal
