
Microsoft Visual Studio Solution File, Format Version 12.00
# Visual Studio Version 16
VisualStudioVersion = 16.0.30517.126
MinimumVisualStudioVersion = 10.0.40219.1
Project("{FAE04EC0-301F-11D3-BF4B-00C04F79EFBC}") = "Q3", "Q3\Q3.csproj", "{AD9891EA-EE3E-4955-918F-63497E242D2F}"
EndProject
Global
	GlobalSection(SolutionConfigurationPlatforms) = preSolution
		Debug|Any CPU = Debug|Any CPU
		Release|Any CPU = Release|Any CPU
	EndGlobalSection
	GlobalSection(ProjectConfigurationPlatforms) = postSolution
		{AD9891EA-EE3E-4955-918F-63497E242D2F}.Debug|Any CPU.ActiveCfg = Debug|Any CPU
		{AD9891EA-EE3E-4955-918F-63497E242D2F}.Debug|Any CPU.Build.0 = Debug|Any CPU
		{AD9891EA-EE3E-4955-918F-63497E242D2F}.Release|Any CPU.ActiveCfg = Release|Any CPU
		{AD9891EA-EE3E-4955-918F-63497E242D2F}.Release|Any CPU.Build.0 = Release|Any CPU
	EndGlobalSection
	GlobalSection(SolutionProperties) = preSolution
		HideSolutionNode = FALSE
	EndGlobalSection
	GlobalSection(ExtensibilityGlobals) = postSolution
		SolutionGuid = {F4699BDD-5793-40DF-B6D5-99504D793384}
	EndGlobalSection
EndGlobal
