
Microsoft Visual Studio Solution File, Format Version 12.00
# Visual Studio Version 16
VisualStudioVersion = 16.0.30517.126
MinimumVisualStudioVersion = 10.0.40219.1
Project("{FAE04EC0-301F-11D3-BF4B-00C04F79EFBC}") = "Q2", "Q2\Q2.csproj", "{9A0933A1-1FDA-4A79-877C-9A03604499DB}"
EndProject
Global
	GlobalSection(SolutionConfigurationPlatforms) = preSolution
		Debug|Any CPU = Debug|Any CPU
		Release|Any CPU = Release|Any CPU
	EndGlobalSection
	GlobalSection(ProjectConfigurationPlatforms) = postSolution
		{9A0933A1-1FDA-4A79-877C-9A03604499DB}.Debug|Any CPU.ActiveCfg = Debug|Any CPU
		{9A0933A1-1FDA-4A79-877C-9A03604499DB}.Debug|Any CPU.Build.0 = Debug|Any CPU
		{9A0933A1-1FDA-4A79-877C-9A03604499DB}.Release|Any CPU.ActiveCfg = Release|Any CPU
		{9A0933A1-1FDA-4A79-877C-9A03604499DB}.Release|Any CPU.Build.0 = Release|Any CPU
	EndGlobalSection
	GlobalSection(SolutionProperties) = preSolution
		HideSolutionNode = FALSE
	EndGlobalSection
	GlobalSection(ExtensibilityGlobals) = postSolution
		SolutionGuid = {EAABAE22-CE8D-438E-AEA5-634C52CE8CB1}
	EndGlobalSection
EndGlobal
