
Microsoft Visual Studio Solution File, Format Version 12.00
# Visual Studio Version 16
VisualStudioVersion = 16.0.30406.217
MinimumVisualStudioVersion = 10.0.40219.1
Project("{FAE04EC0-301F-11D3-BF4B-00C04F79EFBC}") = "WindowsFormsApp1", "WindowsFormsApp1\WindowsFormsApp1.csproj", "{0B3D2C1F-C3F6-42FA-848A-ADF6A3F26D54}"
EndProject
Global
	GlobalSection(SolutionConfigurationPlatforms) = preSolution
		Debug|Any CPU = Debug|Any CPU
		Release|Any CPU = Release|Any CPU
	EndGlobalSection
	GlobalSection(ProjectConfigurationPlatforms) = postSolution
		{0B3D2C1F-C3F6-42FA-848A-ADF6A3F26D54}.Debug|Any CPU.ActiveCfg = Debug|Any CPU
		{0B3D2C1F-C3F6-42FA-848A-ADF6A3F26D54}.Debug|Any CPU.Build.0 = Debug|Any CPU
		{0B3D2C1F-C3F6-42FA-848A-ADF6A3F26D54}.Release|Any CPU.ActiveCfg = Release|Any CPU
		{0B3D2C1F-C3F6-42FA-848A-ADF6A3F26D54}.Release|Any CPU.Build.0 = Release|Any CPU
	EndGlobalSection
	GlobalSection(SolutionProperties) = preSolution
		HideSolutionNode = FALSE
	EndGlobalSection
	GlobalSection(ExtensibilityGlobals) = postSolution
		SolutionGuid = {53AFBE7F-7F6A-4393-9E0B-15A1132E9F30}
	EndGlobalSection
EndGlobal
